
Microsoft Visual Studio Solution File, Format Version 12.00
# Visual Studio Version 16
VisualStudioVersion = 16.0.29519.87
MinimumVisualStudioVersion = 10.0.40219.1
Project("{FAE04EC0-301F-11D3-BF4B-00C04F79EFBC}") = "MVCSTOCK", "MVCSTOCK\MVCSTOCK.csproj", "{67751358-F3F0-4625-9F4D-36BF8C4DB268}"
EndProject
Global
	GlobalSection(SolutionConfigurationPlatforms) = preSolution
		Debug|Any CPU = Debug|Any CPU
		Release|Any CPU = Release|Any CPU
	EndGlobalSection
	GlobalSection(ProjectConfigurationPlatforms) = postSolution
		{67751358-F3F0-4625-9F4D-36BF8C4DB268}.Debug|Any CPU.ActiveCfg = Debug|Any CPU
		{67751358-F3F0-4625-9F4D-36BF8C4DB268}.Debug|Any CPU.Build.0 = Debug|Any CPU
		{67751358-F3F0-4625-9F4D-36BF8C4DB268}.Release|Any CPU.ActiveCfg = Release|Any CPU
		{67751358-F3F0-4625-9F4D-36BF8C4DB268}.Release|Any CPU.Build.0 = Release|Any CPU
	EndGlobalSection
	GlobalSection(SolutionProperties) = preSolution
		HideSolutionNode = FALSE
	EndGlobalSection
	GlobalSection(ExtensibilityGlobals) = postSolution
		SolutionGuid = {2A40C37B-0D2A-45C3-B409-1AC8912250B4}
	EndGlobalSection
EndGlobal
